<?xml version="1.0" encoding="utf-8"?>
<Project ToolsVersion="4.0" xmlns="http://schemas.microsoft.com/developer/msbuild/2003">
  <ItemGroup>
    <Filter Include="Pliki źródłowe">
      <UniqueIdentifier>{4FC737F1-C7A5-4376-A066-2A32D752A2FF}</UniqueIdentifier>
      <Extensions>cpp;c;cc;cxx;c++;cppm;ixx;def;odl;idl;hpj;bat;asm;asmx</Extensions>
    </Filter>
    <Filter Include="Pliki nagłówkowe">
      <UniqueIdentifier>{93995380-89BD-4b04-88EB-625FBE52EBFB}</UniqueIdentifier>
      <Extensions>h;hh;hpp;hxx;h++;hm;inl;inc;ipp;xsd</Extensions>
    </Filter>
    <Filter Include="Pliki zasobów">
      <UniqueIdentifier>{67DA6AB6-F800-4c08-8B7A-83BB121AAD01}</UniqueIdentifier>
      <Extensions>rc;ico;cur;bmp;dlg;rc2;rct;bin;rgs;gif;jpg;jpeg;jpe;resx;tiff;tif;png;wav;mfcribbon-ms</Extensions>
    </Filter>
  </ItemGroup>
  <ItemGroup>
    <ClCompile Include="Aviator.cpp">
      <Filter>Pliki źródłowe</Filter>
    </ClCompile>
    <ClCompile Include="main.cc">
      <Filter>Pliki źródłowe</Filter>
    </ClCompile>
    <ClCompile Include="Dependencies\include\entities\gameObjects\Airplane.cc">
      <Filter>Pliki źródłowe</Filter>
    </ClCompile>
    <ClCompile Include="Dependencies\include\entities\gameObjects\BatteryHolder.cc">
      <Filter>Pliki źródłowe</Filter>
    </ClCompile>
    <ClCompile Include="Dependencies\include\entities\gameObjects\Camera.cc">
      <Filter>Pliki źródłowe</Filter>
    </ClCompile>
    <ClCompile Include="Dependencies\include\entities\gameObjects\Light.cc">
      <Filter>Pliki źródłowe</Filter>
    </ClCompile>
    <ClCompile Include="Dependencies\include\entities\gameObjects\ObstacleHolder.cc">
      <Filter>Pliki źródłowe</Filter>
    </ClCompile>
    <ClCompile Include="Dependencies\include\entities\gameObjects\ParticleHolder.cc">
      <Filter>Pliki źródłowe</Filter>
    </ClCompile>
    <ClCompile Include="Dependencies\include\entities\gameObjects\Sky.cc">
      <Filter>Pliki źródłowe</Filter>
    </ClCompile>
    <ClCompile Include="Dependencies\include\entities\DynamicEntity.cc">
      <Filter>Pliki źródłowe</Filter>
    </ClCompile>
    <ClCompile Include="Dependencies\include\entities\Entity.cc">
      <Filter>Pliki źródłowe</Filter>
    </ClCompile>
    <ClCompile Include="Dependencies\include\gameEngine\Collision.cc">
      <Filter>Pliki nagłówkowe</Filter>
    </ClCompile>
    <ClCompile Include="Dependencies\include\gameEngine\Game.cc">
      <Filter>Pliki nagłówkowe</Filter>
    </ClCompile>
    <ClCompile Include="Dependencies\include\io\KeyboardManager.cc">
      <Filter>Pliki nagłówkowe</Filter>
    </ClCompile>
    <ClCompile Include="Dependencies\include\io\MouseManager.cc">
      <Filter>Pliki nagłówkowe</Filter>
    </ClCompile>
    <ClCompile Include="Dependencies\include\io\Parser.cc">
      <Filter>Pliki nagłówkowe</Filter>
    </ClCompile>
    <ClCompile Include="Dependencies\include\maths\Maths.cc">
      <Filter>Pliki źródłowe</Filter>
    </ClCompile>
    <ClCompile Include="Dependencies\include\maths\Object3D.cc">
      <Filter>Pliki źródłowe</Filter>
    </ClCompile>
    <ClCompile Include="Dependencies\include\models\Geometry.cc">
      <Filter>Pliki źródłowe</Filter>
    </ClCompile>
    <ClCompile Include="Dependencies\include\models\Loader.cc">
      <Filter>Pliki źródłowe</Filter>
    </ClCompile>
    <ClCompile Include="Dependencies\include\models\RawModel.cc">
      <Filter>Pliki źródłowe</Filter>
    </ClCompile>
    <ClCompile Include="Dependencies\include\renderEngine\DisplayManager.cc">
      <Filter>Pliki źródłowe</Filter>
    </ClCompile>
    <ClCompile Include="Dependencies\include\renderEngine\Renderer.cc">
      <Filter>Pliki źródłowe</Filter>
    </ClCompile>
    <ClCompile Include="Dependencies\include\shaders\BackgroundShader.cc">
      <Filter>Pliki źródłowe</Filter>
    </ClCompile>
    <ClCompile Include="Dependencies\include\shaders\EntityShader.cc">
      <Filter>Pliki źródłowe</Filter>
    </ClCompile>
    <ClCompile Include="Dependencies\include\shaders\MotionBlurShader.cc">
      <Filter>Pliki źródłowe</Filter>
    </ClCompile>
    <ClCompile Include="Dependencies\include\shaders\SeaShader.cc">
      <Filter>Pliki źródłowe</Filter>
    </ClCompile>
    <ClCompile Include="Dependencies\include\shaders\ShaderProgram.cc">
      <Filter>Pliki źródłowe</Filter>
    </ClCompile>
    <ClCompile Include="Dependencies\include\shaders\ShadowShader.cc">
      <Filter>Pliki źródłowe</Filter>
    </ClCompile>
    <ClCompile Include="Dependencies\include\shaders\UIShader.cc">
      <Filter>Pliki źródłowe</Filter>
    </ClCompile>
    <ClCompile Include="Dependencies\include\textures\Texture.cc">
      <Filter>Pliki źródłowe</Filter>
    </ClCompile>
    <ClCompile Include="Dependencies\include\utils\Debug.cc">
      <Filter>Pliki źródłowe</Filter>
    </ClCompile>
    <ClCompile Include="Dependencies\include\utils\File.cc">
      <Filter>Pliki źródłowe</Filter>
    </ClCompile>
  </ItemGroup>
  <ItemGroup>
    <ClInclude Include="common.h">
      <Filter>Pliki źródłowe</Filter>
    </ClInclude>
    <ClInclude Include="glPrerequisites.h">
      <Filter>Pliki źródłowe</Filter>
    </ClInclude>
    <ClInclude Include="Dependencies\include\entities\gameObjects\Airplane.h">
      <Filter>Pliki nagłówkowe</Filter>
    </ClInclude>
    <ClInclude Include="Dependencies\include\entities\gameObjects\BatteryHolder.h">
      <Filter>Pliki nagłówkowe</Filter>
    </ClInclude>
    <ClInclude Include="Dependencies\include\entities\gameObjects\Camera.h">
      <Filter>Pliki nagłówkowe</Filter>
    </ClInclude>
    <ClInclude Include="Dependencies\include\entities\gameObjects\Light.h">
      <Filter>Pliki nagłówkowe</Filter>
    </ClInclude>
    <ClInclude Include="Dependencies\include\entities\gameObjects\ObstacleHolder.h">
      <Filter>Pliki nagłówkowe</Filter>
    </ClInclude>
    <ClInclude Include="Dependencies\include\entities\gameObjects\ParticleHolder.h">
      <Filter>Pliki nagłówkowe</Filter>
    </ClInclude>
    <ClInclude Include="Dependencies\include\entities\gameObjects\Sky.h">
      <Filter>Pliki nagłówkowe</Filter>
    </ClInclude>
    <ClInclude Include="Dependencies\include\entities\DynamicEntity.h">
      <Filter>Pliki nagłówkowe</Filter>
    </ClInclude>
    <ClInclude Include="Dependencies\include\entities\Entity.h">
      <Filter>Pliki nagłówkowe</Filter>
    </ClInclude>
    <ClInclude Include="Dependencies\include\gameEngine\Collision.h">
      <Filter>Pliki nagłówkowe</Filter>
    </ClInclude>
    <ClInclude Include="Dependencies\include\gameEngine\Game.h">
      <Filter>Pliki nagłówkowe</Filter>
    </ClInclude>
    <ClInclude Include="Dependencies\include\io\KeyboardManager.h">
      <Filter>Pliki nagłówkowe</Filter>
    </ClInclude>
    <ClInclude Include="Dependencies\include\io\MouseManager.h">
      <Filter>Pliki nagłówkowe</Filter>
    </ClInclude>
    <ClInclude Include="Dependencies\include\io\Parser.h">
      <Filter>Pliki nagłówkowe</Filter>
    </ClInclude>
    <ClInclude Include="Dependencies\include\maths\Maths.h">
      <Filter>Pliki nagłówkowe</Filter>
    </ClInclude>
    <ClInclude Include="Dependencies\include\maths\Object3D.h">
      <Filter>Pliki nagłówkowe</Filter>
    </ClInclude>
    <ClInclude Include="Dependencies\include\models\Geometry.h">
      <Filter>Pliki nagłówkowe</Filter>
    </ClInclude>
    <ClInclude Include="Dependencies\include\models\Loader.h">
      <Filter>Pliki nagłówkowe</Filter>
    </ClInclude>
    <ClInclude Include="Dependencies\include\models\RawModel.h">
      <Filter>Pliki nagłówkowe</Filter>
    </ClInclude>
    <ClInclude Include="Dependencies\include\renderEngine\DisplayManager.h">
      <Filter>Pliki nagłówkowe</Filter>
    </ClInclude>
    <ClInclude Include="Dependencies\include\renderEngine\Renderer.h">
      <Filter>Pliki nagłówkowe</Filter>
    </ClInclude>
    <ClInclude Include="Dependencies\include\shaders\BackgroundShader.h">
      <Filter>Pliki nagłówkowe</Filter>
    </ClInclude>
    <ClInclude Include="Dependencies\include\shaders\EntityShader.h">
      <Filter>Pliki nagłówkowe</Filter>
    </ClInclude>
    <ClInclude Include="Dependencies\include\shaders\MotionBlurShader.h">
      <Filter>Pliki nagłówkowe</Filter>
    </ClInclude>
    <ClInclude Include="Dependencies\include\shaders\SeaShader.h">
      <Filter>Pliki nagłówkowe</Filter>
    </ClInclude>
    <ClInclude Include="Dependencies\include\shaders\ShaderProgram.h">
      <Filter>Pliki nagłówkowe</Filter>
    </ClInclude>
    <ClInclude Include="Dependencies\include\shaders\ShadowShader.h">
      <Filter>Pliki nagłówkowe</Filter>
    </ClInclude>
    <ClInclude Include="Dependencies\include\shaders\UIShader.h">
      <Filter>Pliki nagłówkowe</Filter>
    </ClInclude>
    <ClInclude Include="Dependencies\include\textures\Texture.h">
      <Filter>Pliki nagłówkowe</Filter>
    </ClInclude>
    <ClInclude Include="Dependencies\include\utils\Debug.h">
      <Filter>Pliki nagłówkowe</Filter>
    </ClInclude>
    <ClInclude Include="Dependencies\include\utils\File.h">
      <Filter>Pliki nagłówkowe</Filter>
    </ClInclude>
  </ItemGroup>
</Project>